
Microsoft Visual Studio Solution File, Format Version 12.00
# Visual Studio Version 17
VisualStudioVersion = 17.14.36414.22 d17.14
MinimumVisualStudioVersion = 10.0.40219.1
Project("{FAE04EC0-301F-11D3-BF4B-00C04F79EFBC}") = "SimpleChatApp-Web", "SimpleChatApp-Web\SimpleChatApp-Web.csproj", "{56805402-575A-4F36-A755-ACABF3F6E89E}"
EndProject
Global
	GlobalSection(SolutionConfigurationPlatforms) = preSolution
		Debug|Any CPU = Debug|Any CPU
		Release|Any CPU = Release|Any CPU
	EndGlobalSection
	GlobalSection(ProjectConfigurationPlatforms) = postSolution
		{56805402-575A-4F36-A755-ACABF3F6E89E}.Debug|Any CPU.ActiveCfg = Debug|Any CPU
		{56805402-575A-4F36-A755-ACABF3F6E89E}.Debug|Any CPU.Build.0 = Debug|Any CPU
		{56805402-575A-4F36-A755-ACABF3F6E89E}.Release|Any CPU.ActiveCfg = Release|Any CPU
		{56805402-575A-4F36-A755-ACABF3F6E89E}.Release|Any CPU.Build.0 = Release|Any CPU
	EndGlobalSection
	GlobalSection(SolutionProperties) = preSolution
		HideSolutionNode = FALSE
	EndGlobalSection
	GlobalSection(ExtensibilityGlobals) = postSolution
		SolutionGuid = {78AC807A-C596-4A80-9873-3E92B8B44AA2}
	EndGlobalSection
EndGlobal
